{
  "name": "web-traktor",
  "lockfileVersion": 2,
  "requires": true,
  "packages": {
    "": {
      "dependencies": {
        "img-comparison-slider": "^8.0.0"
      }
    },
    "node_modules/img-comparison-slider": {
      "version": "8.0.0",
      "resolved": "http://npm.prakticum-team.ru/img-comparison-slider/-/img-comparison-slider-8.0.0.tgz",
      "integrity": "sha512-ZOKkdN/+W/U/2LFEwrZuxRVbIwQK1GyEKhTETfsy55/bmBoNfM81MnQsc1j81Q50dkwTKjuecicsnp3O7lBRqQ=="
    }
  },
  "dependencies": {
    "img-comparison-slider": {
      "version": "8.0.0",
      "resolved": "http://npm.prakticum-team.ru/img-comparison-slider/-/img-comparison-slider-8.0.0.tgz",
      "integrity": "sha512-ZOKkdN/+W/U/2LFEwrZuxRVbIwQK1GyEKhTETfsy55/bmBoNfM81MnQsc1j81Q50dkwTKjuecicsnp3O7lBRqQ=="
    }
  }
}
